
Microsoft Visual Studio Solution File, Format Version 12.00
# Visual Studio Version 16
VisualStudioVersion = 16.0.31205.134
MinimumVisualStudioVersion = 10.0.40219.1
Project("{FAE04EC0-301F-11D3-BF4B-00C04F79EFBC}") = "DIO.Bank", "DIO.Bank\DIO.Bank.csproj", "{4603816E-C439-43E4-8865-7DD8CBC43939}"
EndProject
Global
	GlobalSection(SolutionConfigurationPlatforms) = preSolution
		Debug|Any CPU = Debug|Any CPU
		Release|Any CPU = Release|Any CPU
	EndGlobalSection
	GlobalSection(ProjectConfigurationPlatforms) = postSolution
		{4603816E-C439-43E4-8865-7DD8CBC43939}.Debug|Any CPU.ActiveCfg = Debug|Any CPU
		{4603816E-C439-43E4-8865-7DD8CBC43939}.Debug|Any CPU.Build.0 = Debug|Any CPU
		{4603816E-C439-43E4-8865-7DD8CBC43939}.Release|Any CPU.ActiveCfg = Release|Any CPU
		{4603816E-C439-43E4-8865-7DD8CBC43939}.Release|Any CPU.Build.0 = Release|Any CPU
	EndGlobalSection
	GlobalSection(SolutionProperties) = preSolution
		HideSolutionNode = FALSE
	EndGlobalSection
	GlobalSection(ExtensibilityGlobals) = postSolution
		SolutionGuid = {8D65C85C-11DF-4BCB-AE19-D9BCB4E0AEFD}
	EndGlobalSection
EndGlobal
